
Microsoft Visual Studio Solution File, Format Version 12.00
# Visual Studio Version 17
VisualStudioVersion = 17.10.34928.147
MinimumVisualStudioVersion = 10.0.40219.1
Project("{FAE04EC0-301F-11D3-BF4B-00C04F79EFBC}") = "Waqqly", "Waqqly\Waqqly.csproj", "{69071CF5-E3F2-407C-A938-C55ED606F0CE}"
EndProject
Global
	GlobalSection(SolutionConfigurationPlatforms) = preSolution
		Debug|Any CPU = Debug|Any CPU
		Release|Any CPU = Release|Any CPU
	EndGlobalSection
	GlobalSection(ProjectConfigurationPlatforms) = postSolution
		{69071CF5-E3F2-407C-A938-C55ED606F0CE}.Debug|Any CPU.ActiveCfg = Debug|Any CPU
		{69071CF5-E3F2-407C-A938-C55ED606F0CE}.Debug|Any CPU.Build.0 = Debug|Any CPU
		{69071CF5-E3F2-407C-A938-C55ED606F0CE}.Release|Any CPU.ActiveCfg = Release|Any CPU
		{69071CF5-E3F2-407C-A938-C55ED606F0CE}.Release|Any CPU.Build.0 = Release|Any CPU
	EndGlobalSection
	GlobalSection(SolutionProperties) = preSolution
		HideSolutionNode = FALSE
	EndGlobalSection
	GlobalSection(ExtensibilityGlobals) = postSolution
		SolutionGuid = {7B753427-959F-4CDD-8FAB-0CAF1FEEE71A}
	EndGlobalSection
EndGlobal
